
Microsoft Visual Studio Solution File, Format Version 12.00
# Visual Studio Version 17
VisualStudioVersion = 17.1.32210.238
MinimumVisualStudioVersion = 10.0.40219.1
Project("{2150E333-8FDC-42A3-9474-1A3956D46DE8}") = "ProductManagementSystem", "ProductManagementSystem", "{9240CEBC-A595-42FA-8403-E1A9963C2D08}"
EndProject
Project("{FAE04EC0-301F-11D3-BF4B-00C04F79EFBC}") = "pms_entities", "ProductManagementSystem\pms_entities\pms_entities.csproj", "{113A12BB-840E-46FD-8989-8D44F78FF74F}"
EndProject
Project("{FAE04EC0-301F-11D3-BF4B-00C04F79EFBC}") = "pms_contracts", "ProductManagementSystem\pms_contracts\pms_contracts.csproj", "{F1BC362C-1BB0-4BD4-881D-8040A82A9C95}"
EndProject
Global
	GlobalSection(SolutionConfigurationPlatforms) = preSolution
		Debug|Any CPU = Debug|Any CPU
		Release|Any CPU = Release|Any CPU
	EndGlobalSection
	GlobalSection(ProjectConfigurationPlatforms) = postSolution
		{113A12BB-840E-46FD-8989-8D44F78FF74F}.Debug|Any CPU.ActiveCfg = Debug|Any CPU
		{113A12BB-840E-46FD-8989-8D44F78FF74F}.Debug|Any CPU.Build.0 = Debug|Any CPU
		{113A12BB-840E-46FD-8989-8D44F78FF74F}.Release|Any CPU.ActiveCfg = Release|Any CPU
		{113A12BB-840E-46FD-8989-8D44F78FF74F}.Release|Any CPU.Build.0 = Release|Any CPU
		{F1BC362C-1BB0-4BD4-881D-8040A82A9C95}.Debug|Any CPU.ActiveCfg = Debug|Any CPU
		{F1BC362C-1BB0-4BD4-881D-8040A82A9C95}.Debug|Any CPU.Build.0 = Debug|Any CPU
		{F1BC362C-1BB0-4BD4-881D-8040A82A9C95}.Release|Any CPU.ActiveCfg = Release|Any CPU
		{F1BC362C-1BB0-4BD4-881D-8040A82A9C95}.Release|Any CPU.Build.0 = Release|Any CPU
	EndGlobalSection
	GlobalSection(SolutionProperties) = preSolution
		HideSolutionNode = FALSE
	EndGlobalSection
	GlobalSection(NestedProjects) = preSolution
		{113A12BB-840E-46FD-8989-8D44F78FF74F} = {9240CEBC-A595-42FA-8403-E1A9963C2D08}
		{F1BC362C-1BB0-4BD4-881D-8040A82A9C95} = {9240CEBC-A595-42FA-8403-E1A9963C2D08}
	EndGlobalSection
	GlobalSection(ExtensibilityGlobals) = postSolution
		SolutionGuid = {E93281CC-456B-42D8-B885-0EAE4E1C2B16}
	EndGlobalSection
EndGlobal
